
Microsoft Visual Studio Solution File, Format Version 12.00
# Visual Studio Version 16
VisualStudioVersion = 16.0.34114.132
MinimumVisualStudioVersion = 10.0.40219.1
Project("{FAE04EC0-301F-11D3-BF4B-00C04F79EFBC}") = "Xipe", "Xipe\Xipe.csproj", "{3844BD17-3416-43F1-A34D-FE914112F4C5}"
EndProject
Global
	GlobalSection(SolutionConfigurationPlatforms) = preSolution
		Debug|Any CPU = Debug|Any CPU
		Release|Any CPU = Release|Any CPU
	EndGlobalSection
	GlobalSection(ProjectConfigurationPlatforms) = postSolution
		{3844BD17-3416-43F1-A34D-FE914112F4C5}.Debug|Any CPU.ActiveCfg = Debug|Any CPU
		{3844BD17-3416-43F1-A34D-FE914112F4C5}.Debug|Any CPU.Build.0 = Debug|Any CPU
		{3844BD17-3416-43F1-A34D-FE914112F4C5}.Release|Any CPU.ActiveCfg = Release|Any CPU
		{3844BD17-3416-43F1-A34D-FE914112F4C5}.Release|Any CPU.Build.0 = Release|Any CPU
	EndGlobalSection
	GlobalSection(SolutionProperties) = preSolution
		HideSolutionNode = FALSE
	EndGlobalSection
	GlobalSection(ExtensibilityGlobals) = postSolution
		SolutionGuid = {E203FC11-3EA9-46BD-930B-1C2F7485BCEF}
	EndGlobalSection
EndGlobal
